
Microsoft Visual Studio Solution File, Format Version 12.00
# Visual Studio Version 17
VisualStudioVersion = 17.12.35707.178 d17.12
MinimumVisualStudioVersion = 10.0.40219.1
Project("{9A19103F-16F7-4668-BE54-9A1E7A4F7556}") = "SharpFastNoise2", "SharpFastNoise2\SharpFastNoise2.csproj", "{716EBD0C-D08B-4505-B878-1E34C8FCCB1D}"
EndProject
Project("{9A19103F-16F7-4668-BE54-9A1E7A4F7556}") = "Sandbox", "Sandbox\Sandbox.csproj", "{8F4E1DFC-2E34-4FAE-8741-3FDC501296C3}"
EndProject
Project("{FAE04EC0-301F-11D3-BF4B-00C04F79EFBC}") = "Benchmarks", "Benchmarks\Benchmarks.csproj", "{C2918C3C-CBB6-47C3-97A8-A0C54AABC54F}"
EndProject
Global
	GlobalSection(SolutionConfigurationPlatforms) = preSolution
		Debug|Any CPU = Debug|Any CPU
		Release|Any CPU = Release|Any CPU
	EndGlobalSection
	GlobalSection(ProjectConfigurationPlatforms) = postSolution
		{716EBD0C-D08B-4505-B878-1E34C8FCCB1D}.Debug|Any CPU.ActiveCfg = Debug|Any CPU
		{716EBD0C-D08B-4505-B878-1E34C8FCCB1D}.Debug|Any CPU.Build.0 = Debug|Any CPU
		{716EBD0C-D08B-4505-B878-1E34C8FCCB1D}.Release|Any CPU.ActiveCfg = Release|Any CPU
		{716EBD0C-D08B-4505-B878-1E34C8FCCB1D}.Release|Any CPU.Build.0 = Release|Any CPU
		{8F4E1DFC-2E34-4FAE-8741-3FDC501296C3}.Debug|Any CPU.ActiveCfg = Debug|Any CPU
		{8F4E1DFC-2E34-4FAE-8741-3FDC501296C3}.Debug|Any CPU.Build.0 = Debug|Any CPU
		{8F4E1DFC-2E34-4FAE-8741-3FDC501296C3}.Release|Any CPU.ActiveCfg = Release|Any CPU
		{8F4E1DFC-2E34-4FAE-8741-3FDC501296C3}.Release|Any CPU.Build.0 = Release|Any CPU
		{C2918C3C-CBB6-47C3-97A8-A0C54AABC54F}.Debug|Any CPU.ActiveCfg = Debug|Any CPU
		{C2918C3C-CBB6-47C3-97A8-A0C54AABC54F}.Debug|Any CPU.Build.0 = Debug|Any CPU
		{C2918C3C-CBB6-47C3-97A8-A0C54AABC54F}.Release|Any CPU.ActiveCfg = Release|Any CPU
		{C2918C3C-CBB6-47C3-97A8-A0C54AABC54F}.Release|Any CPU.Build.0 = Release|Any CPU
	EndGlobalSection
	GlobalSection(SolutionProperties) = preSolution
		HideSolutionNode = FALSE
	EndGlobalSection
	GlobalSection(ExtensibilityGlobals) = postSolution
		SolutionGuid = {03B24D7B-70E2-40EF-A845-8643A535F0BD}
	EndGlobalSection
EndGlobal
